Microsoft Visual Studio Solution File, Format Version 12.00
# Visual Studio Version 17
VisualStudioVersion = 17.5.2.0
MinimumVisualStudioVersion = 10.0.40219.1
Project("{2150E333-8FDC-42A3-9474-1A3956D46DE8}") = "MockWinAppInstaller", "MockWinAppInstaller", "{47827425-DAAE-444B-6814-40ADFAF8B7DC}"
EndProject
Project("{FAE04EC0-301F-11D3-BF4B-00C04F79EFBC}") = "MockWinAppInstaller", "MockWinAppInstaller\src\MockWinAppInstaller.csproj", "{32358AEE-AE19-35A6-BD6B-8921C7BCD93A}"
EndProject
Global
	GlobalSection(SolutionConfigurationPlatforms) = preSolution
		Debug|Any CPU = Debug|Any CPU
		Release|Any CPU = Release|Any CPU
	EndGlobalSection
	GlobalSection(ProjectConfigurationPlatforms) = postSolution
		{32358AEE-AE19-35A6-BD6B-8921C7BCD93A}.Debug|Any CPU.ActiveCfg = Debug|Any CPU
		{32358AEE-AE19-35A6-BD6B-8921C7BCD93A}.Debug|Any CPU.Build.0 = Debug|Any CPU
		{32358AEE-AE19-35A6-BD6B-8921C7BCD93A}.Release|Any CPU.ActiveCfg = Release|Any CPU
		{32358AEE-AE19-35A6-BD6B-8921C7BCD93A}.Release|Any CPU.Build.0 = Release|Any CPU
	EndGlobalSection
	GlobalSection(SolutionProperties) = preSolution
		HideSolutionNode = FALSE
	EndGlobalSection
	GlobalSection(NestedProjects) = preSolution
		{32358AEE-AE19-35A6-BD6B-8921C7BCD93A} = {47827425-DAAE-444B-6814-40ADFAF8B7DC}
	EndGlobalSection
	GlobalSection(ExtensibilityGlobals) = postSolution
		SolutionGuid = {EF6FF8AE-5177-4370-9E16-11322C373D73}
	EndGlobalSection
EndGlobal
